# This file is autogenerated, do not edit; changes may be undone by the next 'dep ensure'.


[[projects]]
  branch = "master"
  name = "github.com/boutros/marc"
  packages = ["."]
  revision = "64fcc1df0ed852ff9b507cbddc70ab957a2f5d4b"

[[projects]]
  branch = "v1"
  name = "github.com/dutchcoders/goftp"
  packages = ["."]
  revision = "ed59a591ce14ff6c19c49be14294528d11a88c37"

[[projects]]
  branch = "master"
  name = "github.com/knakk/digest"
  packages = ["."]
  revision = "fd45becddc49e7c583e46de4af3b9b3b37e629e3"

[[projects]]
  branch = "master"
  name = "github.com/knakk/rdf"
  packages = ["."]
  revision = "b6ee24f8f40ff0580683aefb6831dad263a3f751"

[[projects]]
  branch = "master"
  name = "github.com/knakk/sparql"
  packages = ["."]
  revision = "3de19ad6a5dcee30dd5e101b47e3aedc7f69ef57"

[solve-meta]
  analyzer-name = "dep"
  analyzer-version = 1
  inputs-digest = "c87227c56cfc609442a388e8d1eefce6e2197126a2bbef27c81d95ebf4fcef08"
  solver-name = "gps-cdcl"
  solver-version = 1
